
Microsoft Visual Studio Solution File, Format Version 12.00
# Visual Studio Version 17
VisualStudioVersion = 17.14.36518.9 d17.14
MinimumVisualStudioVersion = 10.0.40219.1
Project("{FAE04EC0-301F-11D3-BF4B-00C04F79EFBC}") = "Lab Four", "Lab Four\Lab Four.csproj", "{3A1344BE-BE28-4D14-9FD7-E108FBBA084F}"
EndProject
Global
	GlobalSection(SolutionConfigurationPlatforms) = preSolution
		Debug|Any CPU = Debug|Any CPU
		Release|Any CPU = Release|Any CPU
	EndGlobalSection
	GlobalSection(ProjectConfigurationPlatforms) = postSolution
		{3A1344BE-BE28-4D14-9FD7-E108FBBA084F}.Debug|Any CPU.ActiveCfg = Debug|Any CPU
		{3A1344BE-BE28-4D14-9FD7-E108FBBA084F}.Debug|Any CPU.Build.0 = Debug|Any CPU
		{3A1344BE-BE28-4D14-9FD7-E108FBBA084F}.Release|Any CPU.ActiveCfg = Release|Any CPU
		{3A1344BE-BE28-4D14-9FD7-E108FBBA084F}.Release|Any CPU.Build.0 = Release|Any CPU
	EndGlobalSection
	GlobalSection(SolutionProperties) = preSolution
		HideSolutionNode = FALSE
	EndGlobalSection
	GlobalSection(ExtensibilityGlobals) = postSolution
		SolutionGuid = {BF3E8179-1048-43E0-90BB-4BB89A80F984}
	EndGlobalSection
EndGlobal
